
Microsoft Visual Studio Solution File, Format Version 12.00
# Visual Studio Version 17
VisualStudioVersion = 17.5.33627.172
MinimumVisualStudioVersion = 10.0.40219.1
Project("{FAE04EC0-301F-11D3-BF4B-00C04F79EFBC}") = "App1.Android", "App1\App1.Android\App1.Android.csproj", "{04926808-6FAD-415B-B252-AA3C3BE21632}"
EndProject
Project("{FAE04EC0-301F-11D3-BF4B-00C04F79EFBC}") = "App1.iOS", "App1\App1.iOS\App1.iOS.csproj", "{556E3DAA-D134-4FAD-9F4F-B7F80C3FD206}"
EndProject
Project("{FAE04EC0-301F-11D3-BF4B-00C04F79EFBC}") = "App1", "App1\App1\App1.csproj", "{1E4E7D5D-BD9E-43A4-A506-0F7239243DEA}"
EndProject
Global
	GlobalSection(SolutionConfigurationPlatforms) = preSolution
		Debug|Any CPU = Debug|Any CPU
		Debug|iPhone = Debug|iPhone
		Debug|iPhoneSimulator = Debug|iPhoneSimulator
		Release|Any CPU = Release|Any CPU
		Release|iPhone = Release|iPhone
		Release|iPhoneSimulator = Release|iPhoneSimulator
	EndGlobalSection
	GlobalSection(ProjectConfigurationPlatforms) = postSolution
		{04926808-6FAD-415B-B252-AA3C3BE21632}.Debug|Any CPU.ActiveCfg = Debug|Any CPU
		{04926808-6FAD-415B-B252-AA3C3BE21632}.Debug|Any CPU.Build.0 = Debug|Any CPU
		{04926808-6FAD-415B-B252-AA3C3BE21632}.Debug|Any CPU.Deploy.0 = Debug|Any CPU
		{04926808-6FAD-415B-B252-AA3C3BE21632}.Debug|iPhone.ActiveCfg = Debug|Any CPU
		{04926808-6FAD-415B-B252-AA3C3BE21632}.Debug|iPhone.Build.0 = Debug|Any CPU
		{04926808-6FAD-415B-B252-AA3C3BE21632}.Debug|iPhone.Deploy.0 = Debug|Any CPU
		{04926808-6FAD-415B-B252-AA3C3BE21632}.Debug|iPhoneSimulator.ActiveCfg = Debug|Any CPU
		{04926808-6FAD-415B-B252-AA3C3BE21632}.Debug|iPhoneSimulator.Build.0 = Debug|Any CPU
		{04926808-6FAD-415B-B252-AA3C3BE21632}.Debug|iPhoneSimulator.Deploy.0 = Debug|Any CPU
		{04926808-6FAD-415B-B252-AA3C3BE21632}.Release|Any CPU.ActiveCfg = Release|Any CPU
		{04926808-6FAD-415B-B252-AA3C3BE21632}.Release|Any CPU.Build.0 = Release|Any CPU
		{04926808-6FAD-415B-B252-AA3C3BE21632}.Release|Any CPU.Deploy.0 = Release|Any CPU
		{04926808-6FAD-415B-B252-AA3C3BE21632}.Release|iPhone.ActiveCfg = Release|Any CPU
		{04926808-6FAD-415B-B252-AA3C3BE21632}.Release|iPhone.Build.0 = Release|Any CPU
		{04926808-6FAD-415B-B252-AA3C3BE21632}.Release|iPhone.Deploy.0 = Release|Any CPU
		{04926808-6FAD-415B-B252-AA3C3BE21632}.Release|iPhoneSimulator.ActiveCfg = Release|Any CPU
		{04926808-6FAD-415B-B252-AA3C3BE21632}.Release|iPhoneSimulator.Build.0 = Release|Any CPU
		{04926808-6FAD-415B-B252-AA3C3BE21632}.Release|iPhoneSimulator.Deploy.0 = Release|Any CPU
		{556E3DAA-D134-4FAD-9F4F-B7F80C3FD206}.Debug|Any CPU.ActiveCfg = Debug|iPhone
		{556E3DAA-D134-4FAD-9F4F-B7F80C3FD206}.Debug|Any CPU.Build.0 = Debug|iPhone
		{556E3DAA-D134-4FAD-9F4F-B7F80C3FD206}.Debug|Any CPU.Deploy.0 = Debug|iPhone
		{556E3DAA-D134-4FAD-9F4F-B7F80C3FD206}.Debug|iPhone.ActiveCfg = Debug|iPhone
		{556E3DAA-D134-4FAD-9F4F-B7F80C3FD206}.Debug|iPhone.Build.0 = Debug|iPhone
		{556E3DAA-D134-4FAD-9F4F-B7F80C3FD206}.Debug|iPhone.Deploy.0 = Debug|iPhone
		{556E3DAA-D134-4FAD-9F4F-B7F80C3FD206}.Debug|iPhoneSimulator.ActiveCfg = Debug|iPhoneSimulator
		{556E3DAA-D134-4FAD-9F4F-B7F80C3FD206}.Debug|iPhoneSimulator.Build.0 = Debug|iPhoneSimulator
		{556E3DAA-D134-4FAD-9F4F-B7F80C3FD206}.Debug|iPhoneSimulator.Deploy.0 = Debug|iPhoneSimulator
		{556E3DAA-D134-4FAD-9F4F-B7F80C3FD206}.Release|Any CPU.ActiveCfg = Release|iPhoneSimulator
		{556E3DAA-D134-4FAD-9F4F-B7F80C3FD206}.Release|Any CPU.Build.0 = Release|iPhoneSimulator
		{556E3DAA-D134-4FAD-9F4F-B7F80C3FD206}.Release|Any CPU.Deploy.0 = Release|iPhoneSimulator
		{556E3DAA-D134-4FAD-9F4F-B7F80C3FD206}.Release|iPhone.ActiveCfg = Release|iPhone
		{556E3DAA-D134-4FAD-9F4F-B7F80C3FD206}.Release|iPhone.Build.0 = Release|iPhone
		{556E3DAA-D134-4FAD-9F4F-B7F80C3FD206}.Release|iPhone.Deploy.0 = Release|iPhone
		{556E3DAA-D134-4FAD-9F4F-B7F80C3FD206}.Release|iPhoneSimulator.ActiveCfg = Release|iPhoneSimulator
		{556E3DAA-D134-4FAD-9F4F-B7F80C3FD206}.Release|iPhoneSimulator.Build.0 = Release|iPhoneSimulator
		{556E3DAA-D134-4FAD-9F4F-B7F80C3FD206}.Release|iPhoneSimulator.Deploy.0 = Release|iPhoneSimulator
		{1E4E7D5D-BD9E-43A4-A506-0F7239243DEA}.Debug|Any CPU.ActiveCfg = Debug|Any CPU
		{1E4E7D5D-BD9E-43A4-A506-0F7239243DEA}.Debug|Any CPU.Build.0 = Debug|Any CPU
		{1E4E7D5D-BD9E-43A4-A506-0F7239243DEA}.Debug|Any CPU.Deploy.0 = Debug|Any CPU
		{1E4E7D5D-BD9E-43A4-A506-0F7239243DEA}.Debug|iPhone.ActiveCfg = Debug|Any CPU
		{1E4E7D5D-BD9E-43A4-A506-0F7239243DEA}.Debug|iPhone.Build.0 = Debug|Any CPU
		{1E4E7D5D-BD9E-43A4-A506-0F7239243DEA}.Debug|iPhone.Deploy.0 = Debug|Any CPU
		{1E4E7D5D-BD9E-43A4-A506-0F7239243DEA}.Debug|iPhoneSimulator.ActiveCfg = Debug|Any CPU
		{1E4E7D5D-BD9E-43A4-A506-0F7239243DEA}.Debug|iPhoneSimulator.Build.0 = Debug|Any CPU
		{1E4E7D5D-BD9E-43A4-A506-0F7239243DEA}.Debug|iPhoneSimulator.Deploy.0 = Debug|Any CPU
		{1E4E7D5D-BD9E-43A4-A506-0F7239243DEA}.Release|Any CPU.ActiveCfg = Release|Any CPU
		{1E4E7D5D-BD9E-43A4-A506-0F7239243DEA}.Release|Any CPU.Build.0 = Release|Any CPU
		{1E4E7D5D-BD9E-43A4-A506-0F7239243DEA}.Release|Any CPU.Deploy.0 = Release|Any CPU
		{1E4E7D5D-BD9E-43A4-A506-0F7239243DEA}.Release|iPhone.ActiveCfg = Release|Any CPU
		{1E4E7D5D-BD9E-43A4-A506-0F7239243DEA}.Release|iPhone.Build.0 = Release|Any CPU
		{1E4E7D5D-BD9E-43A4-A506-0F7239243DEA}.Release|iPhone.Deploy.0 = Release|Any CPU
		{1E4E7D5D-BD9E-43A4-A506-0F7239243DEA}.Release|iPhoneSimulator.ActiveCfg = Release|Any CPU
		{1E4E7D5D-BD9E-43A4-A506-0F7239243DEA}.Release|iPhoneSimulator.Build.0 = Release|Any CPU
		{1E4E7D5D-BD9E-43A4-A506-0F7239243DEA}.Release|iPhoneSimulator.Deploy.0 = Release|Any CPU
	EndGlobalSection
	GlobalSection(SolutionProperties) = preSolution
		HideSolutionNode = FALSE
	EndGlobalSection
	GlobalSection(ExtensibilityGlobals) = postSolution
		SolutionGuid = {664394E5-BF63-47C0-A52F-A18CD2F045A8}
	EndGlobalSection
EndGlobal
